
Microsoft Visual Studio Solution File, Format Version 12.00
# Visual Studio Version 17
VisualStudioVersion = 17.3.32929.385
MinimumVisualStudioVersion = 10.0.40219.1
Project("{54A90642-561A-4BB1-A94E-469ADEE60C69}") = "WorldCities", "WorldCities.esproj", "{656B97A9-DC58-477A-A087-038C79FA6E4A}"
EndProject
Project("{9A19103F-16F7-4668-BE54-9A1E7A4F7556}") = "WorldCitiesAPI", "..\WorldCitiesAPI\WorldCitiesAPI.csproj", "{C2161833-6720-463E-918B-676A2ED82989}"
EndProject
Project("{9A19103F-16F7-4668-BE54-9A1E7A4F7556}") = "WorldCitiesAPI.Tests", "..\WorldCitiesAPI.Tests\WorldCitiesAPI.Tests.csproj", "{E9D7FAC4-D468-41D1-ABE1-B3791923A0CB}"
EndProject
Global
	GlobalSection(SolutionConfigurationPlatforms) = preSolution
		Debug|Any CPU = Debug|Any CPU
		Release|Any CPU = Release|Any CPU
	EndGlobalSection
	GlobalSection(ProjectConfigurationPlatforms) = postSolution
		{656B97A9-DC58-477A-A087-038C79FA6E4A}.Debug|Any CPU.ActiveCfg = Debug|Any CPU
		{656B97A9-DC58-477A-A087-038C79FA6E4A}.Debug|Any CPU.Build.0 = Debug|Any CPU
		{656B97A9-DC58-477A-A087-038C79FA6E4A}.Debug|Any CPU.Deploy.0 = Debug|Any CPU
		{656B97A9-DC58-477A-A087-038C79FA6E4A}.Release|Any CPU.ActiveCfg = Release|Any CPU
		{656B97A9-DC58-477A-A087-038C79FA6E4A}.Release|Any CPU.Build.0 = Release|Any CPU
		{656B97A9-DC58-477A-A087-038C79FA6E4A}.Release|Any CPU.Deploy.0 = Release|Any CPU
		{C2161833-6720-463E-918B-676A2ED82989}.Debug|Any CPU.ActiveCfg = Debug|Any CPU
		{C2161833-6720-463E-918B-676A2ED82989}.Debug|Any CPU.Build.0 = Debug|Any CPU
		{C2161833-6720-463E-918B-676A2ED82989}.Release|Any CPU.ActiveCfg = Release|Any CPU
		{C2161833-6720-463E-918B-676A2ED82989}.Release|Any CPU.Build.0 = Release|Any CPU
		{E9D7FAC4-D468-41D1-ABE1-B3791923A0CB}.Debug|Any CPU.ActiveCfg = Debug|Any CPU
		{E9D7FAC4-D468-41D1-ABE1-B3791923A0CB}.Debug|Any CPU.Build.0 = Debug|Any CPU
		{E9D7FAC4-D468-41D1-ABE1-B3791923A0CB}.Release|Any CPU.ActiveCfg = Release|Any CPU
		{E9D7FAC4-D468-41D1-ABE1-B3791923A0CB}.Release|Any CPU.Build.0 = Release|Any CPU
	EndGlobalSection
	GlobalSection(SolutionProperties) = preSolution
		HideSolutionNode = FALSE
	EndGlobalSection
	GlobalSection(ExtensibilityGlobals) = postSolution
		SolutionGuid = {AC134389-825E-4553-A244-C05E8080345C}
	EndGlobalSection
EndGlobal
